
Microsoft Visual Studio Solution File, Format Version 12.00
# Visual Studio 14
VisualStudioVersion = 14.0.24720.0
MinimumVisualStudioVersion = 10.0.40219.1
Project("{FAE04EC0-301F-11D3-BF4B-00C04F79EFBC}") = "EDX", "EDX\EDX.csproj", "{C398A624-1C42-4C10-BD88-C1563C78726F}"
EndProject
Project("{FAE04EC0-301F-11D3-BF4B-00C04F79EFBC}") = "Module _4", "Module _4\Module _4.csproj", "{271249FD-B082-4BDF-8330-D268E98781B2}"
EndProject
Project("{FAE04EC0-301F-11D3-BF4B-00C04F79EFBC}") = "Module 5", "Module 5\Module 5.csproj", "{7C441424-1A49-49AF-9980-3277EC20A789}"
EndProject
Project("{FAE04EC0-301F-11D3-BF4B-00C04F79EFBC}") = "Module 6", "Module 6\Module 6.csproj", "{272F8E55-C283-47D4-8E86-120304749D08}"
EndProject
Project("{FAE04EC0-301F-11D3-BF4B-00C04F79EFBC}") = "Module_7", "Module_7\Module_7.csproj", "{6FC9AB48-C0E4-4147-AAA5-F13D7E616F97}"
EndProject
Project("{FAE04EC0-301F-11D3-BF4B-00C04F79EFBC}") = "Module_8", "Module_8\Module_8.csproj", "{7D6B2BE7-B00B-4F6A-ACE9-930F582F7D0B}"
EndProject
Project("{FAE04EC0-301F-11D3-BF4B-00C04F79EFBC}") = "Mod_9_Homework", "Mod_9_Homework\Mod_9_Homework\Mod_9_Homework.csproj", "{B45528C4-AACD-41BA-BC4A-F109E5EDB024}"
EndProject
Project("{FAE04EC0-301F-11D3-BF4B-00C04F79EFBC}") = "OrderingOperators", "LINQ - Ordering Operators\C#\OrderingOperators\OrderingOperators.csproj", "{05350A97-9D66-40BC-90B5-BCD0DCFE1AAB}"
EndProject
Project("{FAE04EC0-301F-11D3-BF4B-00C04F79EFBC}") = "RestrictionOperators", "LINQ - Restriction Operators\C#\RestrictionOperators\RestrictionOperators.csproj", "{EF74D02F-B99F-470F-B27C-8B83961E9940}"
EndProject
Project("{FAE04EC0-301F-11D3-BF4B-00C04F79EFBC}") = "Mod11_Assignment", "Mod11_Assignment\Mod11_Assignment\Mod11_Assignment.csproj", "{BDAA7DDC-2393-49A8-9FA2-52E0356E465A}"
EndProject
Project("{FAE04EC0-301F-11D3-BF4B-00C04F79EFBC}") = "Mod12_Homework", "Mod12_Homework\Mod12_Homework\Mod12_Homework.csproj", "{981E683A-D9A0-4BE4-A115-735CB909747C}"
EndProject
Global
	GlobalSection(SolutionConfigurationPlatforms) = preSolution
		Debug|Any CPU = Debug|Any CPU
		Debug|x86 = Debug|x86
		Release|Any CPU = Release|Any CPU
		Release|x86 = Release|x86
	EndGlobalSection
	GlobalSection(ProjectConfigurationPlatforms) = postSolution
		{C398A624-1C42-4C10-BD88-C1563C78726F}.Debug|Any CPU.ActiveCfg = Debug|Any CPU
		{C398A624-1C42-4C10-BD88-C1563C78726F}.Debug|Any CPU.Build.0 = Debug|Any CPU
		{C398A624-1C42-4C10-BD88-C1563C78726F}.Debug|x86.ActiveCfg = Debug|Any CPU
		{C398A624-1C42-4C10-BD88-C1563C78726F}.Debug|x86.Build.0 = Debug|Any CPU
		{C398A624-1C42-4C10-BD88-C1563C78726F}.Release|Any CPU.ActiveCfg = Release|Any CPU
		{C398A624-1C42-4C10-BD88-C1563C78726F}.Release|Any CPU.Build.0 = Release|Any CPU
		{C398A624-1C42-4C10-BD88-C1563C78726F}.Release|x86.ActiveCfg = Release|Any CPU
		{C398A624-1C42-4C10-BD88-C1563C78726F}.Release|x86.Build.0 = Release|Any CPU
		{271249FD-B082-4BDF-8330-D268E98781B2}.Debug|Any CPU.ActiveCfg = Debug|Any CPU
		{271249FD-B082-4BDF-8330-D268E98781B2}.Debug|Any CPU.Build.0 = Debug|Any CPU
		{271249FD-B082-4BDF-8330-D268E98781B2}.Debug|x86.ActiveCfg = Debug|Any CPU
		{271249FD-B082-4BDF-8330-D268E98781B2}.Debug|x86.Build.0 = Debug|Any CPU
		{271249FD-B082-4BDF-8330-D268E98781B2}.Release|Any CPU.ActiveCfg = Release|Any CPU
		{271249FD-B082-4BDF-8330-D268E98781B2}.Release|Any CPU.Build.0 = Release|Any CPU
		{271249FD-B082-4BDF-8330-D268E98781B2}.Release|x86.ActiveCfg = Release|Any CPU
		{271249FD-B082-4BDF-8330-D268E98781B2}.Release|x86.Build.0 = Release|Any CPU
		{7C441424-1A49-49AF-9980-3277EC20A789}.Debug|Any CPU.ActiveCfg = Debug|Any CPU
		{7C441424-1A49-49AF-9980-3277EC20A789}.Debug|Any CPU.Build.0 = Debug|Any CPU
		{7C441424-1A49-49AF-9980-3277EC20A789}.Debug|x86.ActiveCfg = Debug|Any CPU
		{7C441424-1A49-49AF-9980-3277EC20A789}.Debug|x86.Build.0 = Debug|Any CPU
		{7C441424-1A49-49AF-9980-3277EC20A789}.Release|Any CPU.ActiveCfg = Release|Any CPU
		{7C441424-1A49-49AF-9980-3277EC20A789}.Release|Any CPU.Build.0 = Release|Any CPU
		{7C441424-1A49-49AF-9980-3277EC20A789}.Release|x86.ActiveCfg = Release|Any CPU
		{7C441424-1A49-49AF-9980-3277EC20A789}.Release|x86.Build.0 = Release|Any CPU
		{272F8E55-C283-47D4-8E86-120304749D08}.Debug|Any CPU.ActiveCfg = Debug|Any CPU
		{272F8E55-C283-47D4-8E86-120304749D08}.Debug|Any CPU.Build.0 = Debug|Any CPU
		{272F8E55-C283-47D4-8E86-120304749D08}.Debug|x86.ActiveCfg = Debug|Any CPU
		{272F8E55-C283-47D4-8E86-120304749D08}.Debug|x86.Build.0 = Debug|Any CPU
		{272F8E55-C283-47D4-8E86-120304749D08}.Release|Any CPU.ActiveCfg = Release|Any CPU
		{272F8E55-C283-47D4-8E86-120304749D08}.Release|Any CPU.Build.0 = Release|Any CPU
		{272F8E55-C283-47D4-8E86-120304749D08}.Release|x86.ActiveCfg = Release|Any CPU
		{272F8E55-C283-47D4-8E86-120304749D08}.Release|x86.Build.0 = Release|Any CPU
		{6FC9AB48-C0E4-4147-AAA5-F13D7E616F97}.Debug|Any CPU.ActiveCfg = Debug|Any CPU
		{6FC9AB48-C0E4-4147-AAA5-F13D7E616F97}.Debug|Any CPU.Build.0 = Debug|Any CPU
		{6FC9AB48-C0E4-4147-AAA5-F13D7E616F97}.Debug|x86.ActiveCfg = Debug|Any CPU
		{6FC9AB48-C0E4-4147-AAA5-F13D7E616F97}.Debug|x86.Build.0 = Debug|Any CPU
		{6FC9AB48-C0E4-4147-AAA5-F13D7E616F97}.Release|Any CPU.ActiveCfg = Release|Any CPU
		{6FC9AB48-C0E4-4147-AAA5-F13D7E616F97}.Release|Any CPU.Build.0 = Release|Any CPU
		{6FC9AB48-C0E4-4147-AAA5-F13D7E616F97}.Release|x86.ActiveCfg = Release|Any CPU
		{6FC9AB48-C0E4-4147-AAA5-F13D7E616F97}.Release|x86.Build.0 = Release|Any CPU
		{7D6B2BE7-B00B-4F6A-ACE9-930F582F7D0B}.Debug|Any CPU.ActiveCfg = Debug|Any CPU
		{7D6B2BE7-B00B-4F6A-ACE9-930F582F7D0B}.Debug|Any CPU.Build.0 = Debug|Any CPU
		{7D6B2BE7-B00B-4F6A-ACE9-930F582F7D0B}.Debug|x86.ActiveCfg = Debug|Any CPU
		{7D6B2BE7-B00B-4F6A-ACE9-930F582F7D0B}.Debug|x86.Build.0 = Debug|Any CPU
		{7D6B2BE7-B00B-4F6A-ACE9-930F582F7D0B}.Release|Any CPU.ActiveCfg = Release|Any CPU
		{7D6B2BE7-B00B-4F6A-ACE9-930F582F7D0B}.Release|Any CPU.Build.0 = Release|Any CPU
		{7D6B2BE7-B00B-4F6A-ACE9-930F582F7D0B}.Release|x86.ActiveCfg = Release|Any CPU
		{7D6B2BE7-B00B-4F6A-ACE9-930F582F7D0B}.Release|x86.Build.0 = Release|Any CPU
		{B45528C4-AACD-41BA-BC4A-F109E5EDB024}.Debug|Any CPU.ActiveCfg = Debug|Any CPU
		{B45528C4-AACD-41BA-BC4A-F109E5EDB024}.Debug|Any CPU.Build.0 = Debug|Any CPU
		{B45528C4-AACD-41BA-BC4A-F109E5EDB024}.Debug|x86.ActiveCfg = Debug|Any CPU
		{B45528C4-AACD-41BA-BC4A-F109E5EDB024}.Debug|x86.Build.0 = Debug|Any CPU
		{B45528C4-AACD-41BA-BC4A-F109E5EDB024}.Release|Any CPU.ActiveCfg = Release|Any CPU
		{B45528C4-AACD-41BA-BC4A-F109E5EDB024}.Release|Any CPU.Build.0 = Release|Any CPU
		{B45528C4-AACD-41BA-BC4A-F109E5EDB024}.Release|x86.ActiveCfg = Release|Any CPU
		{B45528C4-AACD-41BA-BC4A-F109E5EDB024}.Release|x86.Build.0 = Release|Any CPU
		{05350A97-9D66-40BC-90B5-BCD0DCFE1AAB}.Debug|Any CPU.ActiveCfg = Debug|x86
		{05350A97-9D66-40BC-90B5-BCD0DCFE1AAB}.Debug|x86.ActiveCfg = Debug|x86
		{05350A97-9D66-40BC-90B5-BCD0DCFE1AAB}.Debug|x86.Build.0 = Debug|x86
		{05350A97-9D66-40BC-90B5-BCD0DCFE1AAB}.Release|Any CPU.ActiveCfg = Release|x86
		{05350A97-9D66-40BC-90B5-BCD0DCFE1AAB}.Release|x86.ActiveCfg = Release|x86
		{05350A97-9D66-40BC-90B5-BCD0DCFE1AAB}.Release|x86.Build.0 = Release|x86
		{EF74D02F-B99F-470F-B27C-8B83961E9940}.Debug|Any CPU.ActiveCfg = Debug|x86
		{EF74D02F-B99F-470F-B27C-8B83961E9940}.Debug|x86.ActiveCfg = Debug|x86
		{EF74D02F-B99F-470F-B27C-8B83961E9940}.Debug|x86.Build.0 = Debug|x86
		{EF74D02F-B99F-470F-B27C-8B83961E9940}.Release|Any CPU.ActiveCfg = Release|x86
		{EF74D02F-B99F-470F-B27C-8B83961E9940}.Release|x86.ActiveCfg = Release|x86
		{EF74D02F-B99F-470F-B27C-8B83961E9940}.Release|x86.Build.0 = Release|x86
		{BDAA7DDC-2393-49A8-9FA2-52E0356E465A}.Debug|Any CPU.ActiveCfg = Debug|Any CPU
		{BDAA7DDC-2393-49A8-9FA2-52E0356E465A}.Debug|Any CPU.Build.0 = Debug|Any CPU
		{BDAA7DDC-2393-49A8-9FA2-52E0356E465A}.Debug|x86.ActiveCfg = Debug|Any CPU
		{BDAA7DDC-2393-49A8-9FA2-52E0356E465A}.Debug|x86.Build.0 = Debug|Any CPU
		{BDAA7DDC-2393-49A8-9FA2-52E0356E465A}.Release|Any CPU.ActiveCfg = Release|Any CPU
		{BDAA7DDC-2393-49A8-9FA2-52E0356E465A}.Release|Any CPU.Build.0 = Release|Any CPU
		{BDAA7DDC-2393-49A8-9FA2-52E0356E465A}.Release|x86.ActiveCfg = Release|Any CPU
		{BDAA7DDC-2393-49A8-9FA2-52E0356E465A}.Release|x86.Build.0 = Release|Any CPU
		{981E683A-D9A0-4BE4-A115-735CB909747C}.Debug|Any CPU.ActiveCfg = Debug|Any CPU
		{981E683A-D9A0-4BE4-A115-735CB909747C}.Debug|Any CPU.Build.0 = Debug|Any CPU
		{981E683A-D9A0-4BE4-A115-735CB909747C}.Debug|x86.ActiveCfg = Debug|Any CPU
		{981E683A-D9A0-4BE4-A115-735CB909747C}.Debug|x86.Build.0 = Debug|Any CPU
		{981E683A-D9A0-4BE4-A115-735CB909747C}.Release|Any CPU.ActiveCfg = Release|Any CPU
		{981E683A-D9A0-4BE4-A115-735CB909747C}.Release|Any CPU.Build.0 = Release|Any CPU
		{981E683A-D9A0-4BE4-A115-735CB909747C}.Release|x86.ActiveCfg = Release|Any CPU
		{981E683A-D9A0-4BE4-A115-735CB909747C}.Release|x86.Build.0 = Release|Any CPU
	EndGlobalSection
	GlobalSection(SolutionProperties) = preSolution
		HideSolutionNode = FALSE
	EndGlobalSection
EndGlobal
